
Microsoft Visual Studio Solution File, Format Version 12.00
# Visual Studio Version 16
VisualStudioVersion = 16.0.29519.161
MinimumVisualStudioVersion = 10.0.40219.1
Project("{9A19103F-16F7-4668-BE54-9A1E7A4F7556}") = "Temperatura", "Temperatura.csproj", "{FBF8D941-8AC1-43D1-B32C-90A4980C9B82}"
EndProject
Project("{FAE04EC0-301F-11D3-BF4B-00C04F79EFBC}") = "Temperatura.Testes", "..\Temperatura.Testes\Temperatura.Testes.csproj", "{5CCE8872-1871-4A97-93D0-51049C715CE4}"
EndProject
Global
	GlobalSection(SolutionConfigurationPlatforms) = preSolution
		Debug|Any CPU = Debug|Any CPU
		Release|Any CPU = Release|Any CPU
	EndGlobalSection
	GlobalSection(ProjectConfigurationPlatforms) = postSolution
		{FBF8D941-8AC1-43D1-B32C-90A4980C9B82}.Debug|Any CPU.ActiveCfg = Debug|Any CPU
		{FBF8D941-8AC1-43D1-B32C-90A4980C9B82}.Debug|Any CPU.Build.0 = Debug|Any CPU
		{FBF8D941-8AC1-43D1-B32C-90A4980C9B82}.Release|Any CPU.ActiveCfg = Release|Any CPU
		{FBF8D941-8AC1-43D1-B32C-90A4980C9B82}.Release|Any CPU.Build.0 = Release|Any CPU
		{5CCE8872-1871-4A97-93D0-51049C715CE4}.Debug|Any CPU.ActiveCfg = Debug|Any CPU
		{5CCE8872-1871-4A97-93D0-51049C715CE4}.Debug|Any CPU.Build.0 = Debug|Any CPU
		{5CCE8872-1871-4A97-93D0-51049C715CE4}.Release|Any CPU.ActiveCfg = Release|Any CPU
		{5CCE8872-1871-4A97-93D0-51049C715CE4}.Release|Any CPU.Build.0 = Release|Any CPU
	EndGlobalSection
	GlobalSection(SolutionProperties) = preSolution
		HideSolutionNode = FALSE
	EndGlobalSection
	GlobalSection(ExtensibilityGlobals) = postSolution
		SolutionGuid = {638D3AFF-D6AE-4CE8-8D14-A294F1971841}
	EndGlobalSection
EndGlobal
